
Microsoft Visual Studio Solution File, Format Version 12.00
# Visual Studio Version 17
VisualStudioVersion = 17.3.32922.545
MinimumVisualStudioVersion = 10.0.40219.1
Project("{FAE04EC0-301F-11D3-BF4B-00C04F79EFBC}") = "ConsoleApp1", "ConsoleApp1.csproj", "{426D6007-C779-4CDC-890C-2D4E5BE35D7F}"
EndProject
Global
	GlobalSection(SolutionConfigurationPlatforms) = preSolution
		Debug|Any CPU = Debug|Any CPU
		Release|Any CPU = Release|Any CPU
	EndGlobalSection
	GlobalSection(ProjectConfigurationPlatforms) = postSolution
		{426D6007-C779-4CDC-890C-2D4E5BE35D7F}.Debug|Any CPU.ActiveCfg = Debug|Any CPU
		{426D6007-C779-4CDC-890C-2D4E5BE35D7F}.Debug|Any CPU.Build.0 = Debug|Any CPU
		{426D6007-C779-4CDC-890C-2D4E5BE35D7F}.Release|Any CPU.ActiveCfg = Release|Any CPU
		{426D6007-C779-4CDC-890C-2D4E5BE35D7F}.Release|Any CPU.Build.0 = Release|Any CPU
	EndGlobalSection
	GlobalSection(SolutionProperties) = preSolution
		HideSolutionNode = FALSE
	EndGlobalSection
	GlobalSection(ExtensibilityGlobals) = postSolution
		SolutionGuid = {FBA2F4C9-7F17-4EE3-8B13-6BC0609FAE5C}
	EndGlobalSection
EndGlobal
