
Microsoft Visual Studio Solution File, Format Version 12.00
# Visual Studio Version 17
VisualStudioVersion = 17.3.32922.545
MinimumVisualStudioVersion = 10.0.40219.1
Project("{FAE04EC0-301F-11D3-BF4B-00C04F79EFBC}") = "ConsoleApp1", "ConsoleApp1.csproj", "{426D6007-C779-4CDC-890C-2D4E5BE35D7F}"
EndProject
Project("{FAE04EC0-301F-11D3-BF4B-00C04F79EFBC}") = "2363 Merge Similar Items", "..\2363 Merge Similar Items\2363 Merge Similar Items.csproj", "{688EFE38-FCF3-40DB-8BCF-4AC58328CEF4}"
EndProject
Project("{FAE04EC0-301F-11D3-BF4B-00C04F79EFBC}") = "2160MinimumSumOfFourDigitNumberAfterSplittingDigits", "..\2160MinimumSumOfFourDigitNumberAfterSplittingDigits\2160MinimumSumOfFourDigitNumberAfterSplittingDigits.csproj", "{A17986E9-1E49-45F0-94C8-7FF6E6CEAAD3}"
EndProject
Project("{FAE04EC0-301F-11D3-BF4B-00C04F79EFBC}") = "2544AlternatingDigitSum", "..\2544AlternatingDigitSum\2544AlternatingDigitSum.csproj", "{E4312A58-102A-4E56-86EF-C0828FB68AA6}"
EndProject
Project("{FAE04EC0-301F-11D3-BF4B-00C04F79EFBC}") = "1742MaximumNumberOfBallsinABox", "..\1742MaximumNumberOfBallsinABox\1742MaximumNumberOfBallsinABox.csproj", "{A5B01DFC-E43B-4AA1-B6E9-7E68454A0B73}"
EndProject
Project("{FAE04EC0-301F-11D3-BF4B-00C04F79EFBC}") = "2154KeepMultiplyingFoundValuesByTwo", "..\2154KeepMultiplyingFoundValuesByTwo\2154KeepMultiplyingFoundValuesByTwo.csproj", "{2615B331-3084-4A68-9142-BC71B7697FAF}"
EndProject
Project("{FAE04EC0-301F-11D3-BF4B-00C04F79EFBC}") = "908SmallestRangeI", "..\908SmallestRangeI\908SmallestRangeI.csproj", "{00C10076-5823-4A78-B53D-59C4EEF4C464}"
EndProject
Project("{FAE04EC0-301F-11D3-BF4B-00C04F79EFBC}") = "1337TheKWeakestRowsInAMatrix", "..\1337TheKWeakestRowsInAMatrix\1337TheKWeakestRowsInAMatrix.csproj", "{CD5ECE65-3F84-46EE-AC10-695F81AE1EC0}"
EndProject
Project("{FAE04EC0-301F-11D3-BF4B-00C04F79EFBC}") = "215 Kth Largest Element in an Array", "..\215 Kth Largest Element in an Array\215 Kth Largest Element in an Array.csproj", "{422E48F2-BE8B-40FB-8DA3-AA266014C32B}"
EndProject
Project("{FAE04EC0-301F-11D3-BF4B-00C04F79EFBC}") = "1619 Mean of Array After Removing Some Elements", "..\1619 Mean of Array After Removing Some Elements\1619 Mean of Array After Removing Some Elements.csproj", "{0773DC53-44D9-40E4-B7BC-B61C13A2EC44}"
EndProject
Global
	GlobalSection(SolutionConfigurationPlatforms) = preSolution
		Debug|Any CPU = Debug|Any CPU
		Release|Any CPU = Release|Any CPU
	EndGlobalSection
	GlobalSection(ProjectConfigurationPlatforms) = postSolution
		{426D6007-C779-4CDC-890C-2D4E5BE35D7F}.Debug|Any CPU.ActiveCfg = Debug|Any CPU
		{426D6007-C779-4CDC-890C-2D4E5BE35D7F}.Debug|Any CPU.Build.0 = Debug|Any CPU
		{426D6007-C779-4CDC-890C-2D4E5BE35D7F}.Release|Any CPU.ActiveCfg = Release|Any CPU
		{426D6007-C779-4CDC-890C-2D4E5BE35D7F}.Release|Any CPU.Build.0 = Release|Any CPU
		{688EFE38-FCF3-40DB-8BCF-4AC58328CEF4}.Debug|Any CPU.ActiveCfg = Debug|Any CPU
		{688EFE38-FCF3-40DB-8BCF-4AC58328CEF4}.Debug|Any CPU.Build.0 = Debug|Any CPU
		{688EFE38-FCF3-40DB-8BCF-4AC58328CEF4}.Release|Any CPU.ActiveCfg = Release|Any CPU
		{688EFE38-FCF3-40DB-8BCF-4AC58328CEF4}.Release|Any CPU.Build.0 = Release|Any CPU
		{A17986E9-1E49-45F0-94C8-7FF6E6CEAAD3}.Debug|Any CPU.ActiveCfg = Debug|Any CPU
		{A17986E9-1E49-45F0-94C8-7FF6E6CEAAD3}.Debug|Any CPU.Build.0 = Debug|Any CPU
		{A17986E9-1E49-45F0-94C8-7FF6E6CEAAD3}.Release|Any CPU.ActiveCfg = Release|Any CPU
		{A17986E9-1E49-45F0-94C8-7FF6E6CEAAD3}.Release|Any CPU.Build.0 = Release|Any CPU
		{E4312A58-102A-4E56-86EF-C0828FB68AA6}.Debug|Any CPU.ActiveCfg = Debug|Any CPU
		{E4312A58-102A-4E56-86EF-C0828FB68AA6}.Debug|Any CPU.Build.0 = Debug|Any CPU
		{E4312A58-102A-4E56-86EF-C0828FB68AA6}.Release|Any CPU.ActiveCfg = Release|Any CPU
		{E4312A58-102A-4E56-86EF-C0828FB68AA6}.Release|Any CPU.Build.0 = Release|Any CPU
		{A5B01DFC-E43B-4AA1-B6E9-7E68454A0B73}.Debug|Any CPU.ActiveCfg = Debug|Any CPU
		{A5B01DFC-E43B-4AA1-B6E9-7E68454A0B73}.Debug|Any CPU.Build.0 = Debug|Any CPU
		{A5B01DFC-E43B-4AA1-B6E9-7E68454A0B73}.Release|Any CPU.ActiveCfg = Release|Any CPU
		{A5B01DFC-E43B-4AA1-B6E9-7E68454A0B73}.Release|Any CPU.Build.0 = Release|Any CPU
		{2615B331-3084-4A68-9142-BC71B7697FAF}.Debug|Any CPU.ActiveCfg = Debug|Any CPU
		{2615B331-3084-4A68-9142-BC71B7697FAF}.Debug|Any CPU.Build.0 = Debug|Any CPU
		{2615B331-3084-4A68-9142-BC71B7697FAF}.Release|Any CPU.ActiveCfg = Release|Any CPU
		{2615B331-3084-4A68-9142-BC71B7697FAF}.Release|Any CPU.Build.0 = Release|Any CPU
		{00C10076-5823-4A78-B53D-59C4EEF4C464}.Debug|Any CPU.ActiveCfg = Debug|Any CPU
		{00C10076-5823-4A78-B53D-59C4EEF4C464}.Debug|Any CPU.Build.0 = Debug|Any CPU
		{00C10076-5823-4A78-B53D-59C4EEF4C464}.Release|Any CPU.ActiveCfg = Release|Any CPU
		{00C10076-5823-4A78-B53D-59C4EEF4C464}.Release|Any CPU.Build.0 = Release|Any CPU
		{CD5ECE65-3F84-46EE-AC10-695F81AE1EC0}.Debug|Any CPU.ActiveCfg = Debug|Any CPU
		{CD5ECE65-3F84-46EE-AC10-695F81AE1EC0}.Debug|Any CPU.Build.0 = Debug|Any CPU
		{CD5ECE65-3F84-46EE-AC10-695F81AE1EC0}.Release|Any CPU.ActiveCfg = Release|Any CPU
		{CD5ECE65-3F84-46EE-AC10-695F81AE1EC0}.Release|Any CPU.Build.0 = Release|Any CPU
		{422E48F2-BE8B-40FB-8DA3-AA266014C32B}.Debug|Any CPU.ActiveCfg = Debug|Any CPU
		{422E48F2-BE8B-40FB-8DA3-AA266014C32B}.Debug|Any CPU.Build.0 = Debug|Any CPU
		{422E48F2-BE8B-40FB-8DA3-AA266014C32B}.Release|Any CPU.ActiveCfg = Release|Any CPU
		{422E48F2-BE8B-40FB-8DA3-AA266014C32B}.Release|Any CPU.Build.0 = Release|Any CPU
		{0773DC53-44D9-40E4-B7BC-B61C13A2EC44}.Debug|Any CPU.ActiveCfg = Debug|Any CPU
		{0773DC53-44D9-40E4-B7BC-B61C13A2EC44}.Debug|Any CPU.Build.0 = Debug|Any CPU
		{0773DC53-44D9-40E4-B7BC-B61C13A2EC44}.Release|Any CPU.ActiveCfg = Release|Any CPU
		{0773DC53-44D9-40E4-B7BC-B61C13A2EC44}.Release|Any CPU.Build.0 = Release|Any CPU
	EndGlobalSection
	GlobalSection(SolutionProperties) = preSolution
		HideSolutionNode = FALSE
	EndGlobalSection
	GlobalSection(ExtensibilityGlobals) = postSolution
		SolutionGuid = {FBA2F4C9-7F17-4EE3-8B13-6BC0609FAE5C}
	EndGlobalSection
EndGlobal
